
Microsoft Visual Studio Solution File, Format Version 12.00
# Visual Studio Version 17
VisualStudioVersion = 17.11.35327.3
MinimumVisualStudioVersion = 10.0.40219.1
Project("{9A19103F-16F7-4668-BE54-9A1E7A4F7556}") = "GitIssuesManager", "GitIssues\GitIssuesManager.csproj", "{E48E6266-0CA2-4B6E-AE58-5819D2B2ECDC}"
	ProjectSection(ProjectDependencies) = postProject
		{0BD162F2-A256-4FD4-9FC6-2C6188B50FF0} = {0BD162F2-A256-4FD4-9FC6-2C6188B50FF0}
	EndProjectSection
EndProject
Project("{9A19103F-16F7-4668-BE54-9A1E7A4F7556}") = "GitHubIssuesManager", "GithubIssuesManager\GitHubIssuesManager.csproj", "{0BD162F2-A256-4FD4-9FC6-2C6188B50FF0}"
EndProject
Project("{9A19103F-16F7-4668-BE54-9A1E7A4F7556}") = "IssuesManagerAbstract", "IssuesManagerInterface\IssuesManagerAbstract.csproj", "{F6648A40-5907-459A-B8DB-BBF2257D0E58}"
EndProject
Project("{FAE04EC0-301F-11D3-BF4B-00C04F79EFBC}") = "GitLabIssuesManager", "GitLabIssuesManager\GitLabIssuesManager.csproj", "{E539C6C3-2063-4CD4-90BC-DC9ABA60DCC5}"
EndProject
Global
	GlobalSection(SolutionConfigurationPlatforms) = preSolution
		Debug|Any CPU = Debug|Any CPU
		Release|Any CPU = Release|Any CPU
	EndGlobalSection
	GlobalSection(ProjectConfigurationPlatforms) = postSolution
		{E48E6266-0CA2-4B6E-AE58-5819D2B2ECDC}.Debug|Any CPU.ActiveCfg = Debug|Any CPU
		{E48E6266-0CA2-4B6E-AE58-5819D2B2ECDC}.Debug|Any CPU.Build.0 = Debug|Any CPU
		{E48E6266-0CA2-4B6E-AE58-5819D2B2ECDC}.Release|Any CPU.ActiveCfg = Release|Any CPU
		{E48E6266-0CA2-4B6E-AE58-5819D2B2ECDC}.Release|Any CPU.Build.0 = Release|Any CPU
		{0BD162F2-A256-4FD4-9FC6-2C6188B50FF0}.Debug|Any CPU.ActiveCfg = Debug|Any CPU
		{0BD162F2-A256-4FD4-9FC6-2C6188B50FF0}.Debug|Any CPU.Build.0 = Debug|Any CPU
		{0BD162F2-A256-4FD4-9FC6-2C6188B50FF0}.Release|Any CPU.ActiveCfg = Release|Any CPU
		{0BD162F2-A256-4FD4-9FC6-2C6188B50FF0}.Release|Any CPU.Build.0 = Release|Any CPU
		{F6648A40-5907-459A-B8DB-BBF2257D0E58}.Debug|Any CPU.ActiveCfg = Debug|Any CPU
		{F6648A40-5907-459A-B8DB-BBF2257D0E58}.Debug|Any CPU.Build.0 = Debug|Any CPU
		{F6648A40-5907-459A-B8DB-BBF2257D0E58}.Release|Any CPU.ActiveCfg = Release|Any CPU
		{F6648A40-5907-459A-B8DB-BBF2257D0E58}.Release|Any CPU.Build.0 = Release|Any CPU
		{E539C6C3-2063-4CD4-90BC-DC9ABA60DCC5}.Debug|Any CPU.ActiveCfg = Debug|Any CPU
		{E539C6C3-2063-4CD4-90BC-DC9ABA60DCC5}.Debug|Any CPU.Build.0 = Debug|Any CPU
		{E539C6C3-2063-4CD4-90BC-DC9ABA60DCC5}.Release|Any CPU.ActiveCfg = Release|Any CPU
		{E539C6C3-2063-4CD4-90BC-DC9ABA60DCC5}.Release|Any CPU.Build.0 = Release|Any CPU
	EndGlobalSection
	GlobalSection(SolutionProperties) = preSolution
		HideSolutionNode = FALSE
	EndGlobalSection
	GlobalSection(ExtensibilityGlobals) = postSolution
		SolutionGuid = {5F0DB719-9E3E-47EB-BE2A-02096BD5E166}
	EndGlobalSection
EndGlobal
